github.com/launchdarkly/go-ntlmssp v1.0.2 h1:cZU0o9Q9wnlTH8Vw3pex0+/sGyNIsj7T1lCzC2gqAcM=
github.com/launchdarkly/go-ntlmssp v1.0.2/go.mod h1:6ZSwvQs+WBrFEsgKFjrRod8Bj/D4WHHSoo7qJGdgD8g=
golang.org/x/crypto v0.45.0 h1:jMBrvKuj23MTlT0bQEOBcAE0mjg8mK9RXFhRH6nyF3Q=
golang.org/x/crypto v0.45.0/go.mod h1:XTGrrkGJve7CYK7J8PEww4aY7gM3qMCElcJQ8n8JdX4=
